<?xml version="1.0" encoding="utf-8"?>
<Project ToolsVersion="4.0" xmlns="http://schemas.microsoft.com/developer/msbuild/2003">
  <ItemGroup>
    <Filter Include="Source Files">
      <UniqueIdentifier>{4FC737F1-C7A5-4376-A066-2A32D752A2FF}</UniqueIdentifier>
      <Extensions>cpp;c;cc;cxx;def;odl;idl;hpj;bat;asm;asmx</Extensions>
    </Filter>
    <Filter Include="Header Files">
      <UniqueIdentifier>{93995380-89BD-4b04-88EB-625FBE52EBFB}</UniqueIdentifier>
      <Extensions>h;hpp;hxx;hm;inl;inc;xsd</Extensions>
    </Filter>
    <Filter Include="Space Partitioning">
      <UniqueIdentifier>{b939e516-d7ee-4357-8a46-69a794b6204b}</UniqueIdentifier>
    </Filter>
    <Filter Include="Space Partitioning\Header">
      <UniqueIdentifier>{9b4a9926-a42b-4705-94cb-eb6ff477d4f9}</UniqueIdentifier>
    </Filter>
    <Filter Include="Space Partitioning\Source">
      <UniqueIdentifier>{238fe6e9-5c18-4532-bf5f-a9ecd506d289}</UniqueIdentifier>
    </Filter>
    <Filter Include="Shaders">
      <UniqueIdentifier>{534cb64e-3b14-4a11-b883-2a7026940b93}</UniqueIdentifier>
    </Filter>
    <Filter Include="IODevices">
      <UniqueIdentifier>{ab5d2065-5f1c-4fd1-ae1b-6f402551538e}</UniqueIdentifier>
    </Filter>
    <Filter Include="File Loaders">
      <UniqueIdentifier>{3e7f7c23-0a3f-449c-8571-ff51fb38cd36}</UniqueIdentifier>
    </Filter>
    <Filter Include="Config Files">
      <UniqueIdentifier>{67DA6AB6-F800-4c08-8B7A-83BB121AAD01}</UniqueIdentifier>
      <Extensions>rc;ico;cur;bmp;dlg;rc2;rct;bin;rgs;gif;jpg;jpeg;jpe;resx;tiff;tif;png;wav;mfcribbon-ms</Extensions>
    </Filter>
    <Filter Include="IODevices\Haptic">
      <UniqueIdentifier>{76950e44-467d-4c25-a3bb-767b05d12b65}</UniqueIdentifier>
    </Filter>
    <Filter Include="IODevices\Keyboard">
      <UniqueIdentifier>{758a05ef-1514-4796-b142-88a5928e5238}</UniqueIdentifier>
    </Filter>
    <Filter Include="OpenGL Display">
      <UniqueIdentifier>{a41ce26e-5c62-42e8-8e87-03f470c22e21}</UniqueIdentifier>
    </Filter>
    <Filter Include="OpenGL Display\Mesh">
      <UniqueIdentifier>{223e6c8f-61ce-4dde-bd44-56731f431c73}</UniqueIdentifier>
    </Filter>
    <Filter Include="OpenGL Display\Mesh\Header">
      <UniqueIdentifier>{3c0f86f3-47e8-4428-b45e-8db3a757a64b}</UniqueIdentifier>
    </Filter>
    <Filter Include="OpenGL Display\Mesh\Source">
      <UniqueIdentifier>{72ac7e43-4c97-46b5-be59-d50915051b3f}</UniqueIdentifier>
    </Filter>
    <Filter Include="OpenGL Display\Camera">
      <UniqueIdentifier>{a8ecdd03-c53d-4605-a914-4fbc9216f020}</UniqueIdentifier>
    </Filter>
    <Filter Include="OpenGL Display\Screenspace Renderer">
      <UniqueIdentifier>{7ac0a39a-1d7a-4759-91ed-bad703c5f9c8}</UniqueIdentifier>
    </Filter>
    <Filter Include="OpenGL Display\Polygonal Renderer">
      <UniqueIdentifier>{adfda875-ce12-4c97-94df-07c0675106fd}</UniqueIdentifier>
    </Filter>
    <Filter Include="Preprocess">
      <UniqueIdentifier>{ea93f942-1848-49a8-9444-cffd73c912d3}</UniqueIdentifier>
    </Filter>
    <Filter Include="Collision Response">
      <UniqueIdentifier>{13ad8baa-cf4c-4fd8-89c1-91d7d6d17e89}</UniqueIdentifier>
    </Filter>
    <Filter Include="TextRenderer">
      <UniqueIdentifier>{61b3889c-0195-4c4d-aa89-b96dd5e7d0f3}</UniqueIdentifier>
    </Filter>
  </ItemGroup>
  <ItemGroup>
    <ClCompile Include="main.cpp" />
    <ClCompile Include="LYOctree.cpp">
      <Filter>Space Partitioning\Source</Filter>
    </ClCompile>
    <ClCompile Include="LYKeyboardDevice.cpp">
      <Filter>IODevices\Keyboard</Filter>
    </ClCompile>
    <ClCompile Include="LYScreenspaceRenderer.cpp">
      <Filter>OpenGL Display\Screenspace Renderer</Filter>
    </ClCompile>
    <ClCompile Include="LYShader.cpp">
      <Filter>OpenGL Display\Mesh\Source</Filter>
    </ClCompile>
    <ClCompile Include="LYTexture.cpp">
      <Filter>OpenGL Display\Mesh\Source</Filter>
    </ClCompile>
    <ClCompile Include="LYCamera.cpp">
      <Filter>OpenGL Display\Camera</Filter>
    </ClCompile>
    <ClCompile Include="rply.c">
      <Filter>File Loaders</Filter>
    </ClCompile>
    <ClCompile Include="OverlayRenderer.cpp">
      <Filter>OpenGL Display\Polygonal Renderer</Filter>
    </ClCompile>
    <ClCompile Include="IOManager.cpp">
      <Filter>IODevices</Filter>
    </ClCompile>
    <ClCompile Include="LYHapticDevice.cpp">
      <Filter>IODevices\Haptic</Filter>
    </ClCompile>
    <ClCompile Include="LYMesh.cpp">
      <Filter>OpenGL Display\Mesh</Filter>
    </ClCompile>
    <ClCompile Include="LYWorld.cpp">
      <Filter>Source Files</Filter>
    </ClCompile>
    <ClCompile Include="ZorderCPU.cpp">
      <Filter>Space Partitioning\Source</Filter>
    </ClCompile>
    <ClCompile Include="ModelVoxelization.cpp">
      <Filter>Preprocess</Filter>
    </ClCompile>
    <ClCompile Include="CPUHashSTL.cpp">
      <Filter>Space Partitioning\Source</Filter>
    </ClCompile>
    <ClCompile Include="Collider.cpp">
      <Filter>Collision Response</Filter>
    </ClCompile>
    <ClCompile Include="LYHapticInterface.cpp">
      <Filter>IODevices</Filter>
    </ClCompile>
  </ItemGroup>
  <ItemGroup>
    <ClInclude Include="LYWorld.h">
      <Filter>Header Files</Filter>
    </ClInclude>
    <ClInclude Include="defines.h">
      <Filter>Header Files</Filter>
    </ClInclude>
    <ClInclude Include="LYOctree.h">
      <Filter>Space Partitioning\Header</Filter>
    </ClInclude>
    <ClInclude Include="LYSpatialHash.h">
      <Filter>Space Partitioning\Header</Filter>
    </ClInclude>
    <ClInclude Include="LYHapticDevice.h">
      <Filter>IODevices\Haptic</Filter>
    </ClInclude>
    <ClInclude Include="LYHapticState.h">
      <Filter>IODevices\Haptic</Filter>
    </ClInclude>
    <ClInclude Include="LYTexture.h">
      <Filter>OpenGL Display\Mesh\Header</Filter>
    </ClInclude>
    <ClInclude Include="LYVertex.h">
      <Filter>OpenGL Display\Mesh\Header</Filter>
    </ClInclude>
    <ClInclude Include="LYCamera.h">
      <Filter>OpenGL Display\Camera</Filter>
    </ClInclude>
    <ClInclude Include="LYShader.h">
      <Filter>OpenGL Display\Mesh\Header</Filter>
    </ClInclude>
    <ClInclude Include="LYScreenspaceRenderer.h">
      <Filter>OpenGL Display\Screenspace Renderer</Filter>
    </ClInclude>
    <ClInclude Include="rply.h">
      <Filter>File Loaders</Filter>
    </ClInclude>
    <ClInclude Include="LYPLYLoader.h">
      <Filter>File Loaders</Filter>
    </ClInclude>
    <ClInclude Include="OverlayRenderer.h">
      <Filter>OpenGL Display\Polygonal Renderer</Filter>
    </ClInclude>
    <ClInclude Include="IOManager.h">
      <Filter>IODevices</Filter>
    </ClInclude>
    <ClInclude Include="LYKeyboardDevice.h">
      <Filter>IODevices\Keyboard</Filter>
    </ClInclude>
    <ClInclude Include="LYHapticInterface.h">
      <Filter>IODevices</Filter>
    </ClInclude>
    <ClInclude Include="LYMesh.h">
      <Filter>OpenGL Display\Mesh</Filter>
    </ClInclude>
    <ClInclude Include="LYSpaceHandler.h">
      <Filter>Space Partitioning</Filter>
    </ClInclude>
    <ClInclude Include="ZorderCPU.h">
      <Filter>Space Partitioning\Header</Filter>
    </ClInclude>
    <ClInclude Include="ModelVoxelization.h">
      <Filter>Preprocess</Filter>
    </ClInclude>
    <ClInclude Include="CPUHashSTL.h">
      <Filter>Space Partitioning\Header</Filter>
    </ClInclude>
    <ClInclude Include="Collider.h">
      <Filter>Collision Response</Filter>
    </ClInclude>
  </ItemGroup>
  <ItemGroup>
    <None Include="Shaders\blur_pass.frag">
      <Filter>Shaders</Filter>
    </None>
    <None Include="Shaders\blur_pass.vs">
      <Filter>Shaders</Filter>
    </None>
    <None Include="Shaders\depth_pass.frag">
      <Filter>Shaders</Filter>
    </None>
    <None Include="Shaders\depth_pass.vs">
      <Filter>Shaders</Filter>
    </None>
    <None Include="Shaders\normal_pass.frag">
      <Filter>Shaders</Filter>
    </None>
    <None Include="Shaders\normal_pass.vs">
      <Filter>Shaders</Filter>
    </None>
    <None Include="LYCudaHelper.cuh">
      <Filter>Header Files</Filter>
    </None>
    <None Include="Shaders\shader.vs">
      <Filter>Shaders</Filter>
    </None>
    <None Include="Shaders\shader.frag">
      <Filter>Shaders</Filter>
    </None>
    <None Include="LYSpatialHash_impl.cuh">
      <Filter>Space Partitioning\Source</Filter>
    </None>
    <None Include="LYSpatialHash_kernel.cuh">
      <Filter>Space Partitioning\Header</Filter>
    </None>
    <None Include="LYSpatialHash.cuh">
      <Filter>Space Partitioning\Header</Filter>
    </None>
    <None Include="app.cfg">
      <Filter>Config Files</Filter>
    </None>
    <None Include="Shaders\regularShader.frag">
      <Filter>Shaders</Filter>
    </None>
    <None Include="Shaders\regularShader.vs">
      <Filter>Shaders</Filter>
    </None>
  </ItemGroup>
  <ItemGroup>
    <CudaCompile Include="LYCudaHelper.cu">
      <Filter>Source Files</Filter>
    </CudaCompile>
    <CudaCompile Include="LYSpatialHash.cu" />
    <CudaCompile Include="LYSpatialHashExtern.cu" />
  </ItemGroup>
</Project>